
Microsoft Visual Studio Solution File, Format Version 12.00
# Visual Studio Version 16
VisualStudioVersion = 16.0.31729.503
MinimumVisualStudioVersion = 10.0.40219.1
Project("{FAE04EC0-301F-11D3-BF4B-00C04F79EFBC}") = "Takvim", "Takvim\Takvim.csproj", "{93A6A3BE-12F6-457A-9CB1-291285E3911D}"
EndProject
Global
	GlobalSection(SolutionConfigurationPlatforms) = preSolution
		Debug|Any CPU = Debug|Any CPU
		Release|Any CPU = Release|Any CPU
	EndGlobalSection
	GlobalSection(ProjectConfigurationPlatforms) = postSolution
		{93A6A3BE-12F6-457A-9CB1-291285E3911D}.Debug|Any CPU.ActiveCfg = Debug|Any CPU
		{93A6A3BE-12F6-457A-9CB1-291285E3911D}.Debug|Any CPU.Build.0 = Debug|Any CPU
		{93A6A3BE-12F6-457A-9CB1-291285E3911D}.Release|Any CPU.ActiveCfg = Release|Any CPU
		{93A6A3BE-12F6-457A-9CB1-291285E3911D}.Release|Any CPU.Build.0 = Release|Any CPU
	EndGlobalSection
	GlobalSection(SolutionProperties) = preSolution
		HideSolutionNode = FALSE
	EndGlobalSection
	GlobalSection(ExtensibilityGlobals) = postSolution
		SolutionGuid = {3C2F934E-EB26-4F0A-B5C9-7789E881CE4F}
	EndGlobalSection
EndGlobal
